// !$*UTF8*$!
{
	archiveVersion = 1;
	classes = {
	};
	objectVersion = 50;
	objects = {

/* Begin PBXBuildFile section */
		9B0F469522CEB9810020A8B0 /* AppDelegate.swift in Sources */ = {isa = PBXBuildFile; fileRef = 9B0F469422CEB9810020A8B0 /* AppDelegate.swift */; };
		9B0F469722CEB9810020A8B0 /* ViewController.swift in Sources */ = {isa = PBXBuildFile; fileRef = 9B0F469622CEB9810020A8B0 /* ViewController.swift */; };
		9B0F469A22CEB9810020A8B0 /* Main.storyboard in Resources */ = {isa = PBXBuildFile; fileRef = 9B0F469822CEB9810020A8B0 /* Main.storyboard */; };
		9B0F469C22CEB9820020A8B0 /* Assets.xcassets in Resources */ = {isa = PBXBuildFile; fileRef = 9B0F469B22CEB9820020A8B0 /* Assets.xcassets */; };
		9B0F469F22CEB9820020A8B0 /* LaunchScreen.storyboard in Resources */ = {isa = PBXBuildFile; fileRef = 9B0F469D22CEB9820020A8B0 /* LaunchScreen.storyboard */; };
		9B0F46AA22CEB9820020A8B0 /* iosDataStorageExampleTests.swift in Sources */ = {isa = PBXBuildFile; fileRef = 9B0F46A922CEB9820020A8B0 /* iosDataStorageExampleTests.swift */; };
		9B0F46B522CEB9820020A8B0 /* iosDataStorageExampleUITests.swift in Sources */ = {isa = PBXBuildFile; fileRef = 9B0F46B422CEB9820020A8B0 /* iosDataStorageExampleUITests.swift */; };
/* End PBXBuildFile section */

/* Begin PBXContainerItemProxy section */
		9B0F46A622CEB9820020A8B0 /* PBXContainerItemProxy */ = {
			isa = PBXContainerItemProxy;
			containerPortal = 9B0F468922CEB9810020A8B0 /* Project object */;
			proxyType = 1;
			remoteGlobalIDString = 9B0F469022CEB9810020A8B0;
			remoteInfo = iosDataStorageExample;
		};
		9B0F46B122CEB9820020A8B0 /* PBXContainerItemProxy */ = {
			isa = PBXContainerItemProxy;
			containerPortal = 9B0F468922CEB9810020A8B0 /* Project object */;
			proxyType = 1;
			remoteGlobalIDString = 9B0F469022CEB9810020A8B0;
			remoteInfo = iosDataStorageExample;
		};
/* End PBXContainerItemProxy section */

/* Begin PBXFileReference section */
		9B0F469122CEB9810020A8B0 /* iosDataStorageExample.app */ = {isa = PBXFileReference; explicitFileType = wrapper.application; includeInIndex = 0; path = iosDataStorageExample.app; sourceTree = BUILT_PRODUCTS_DIR; };
		9B0F469422CEB9810020A8B0 /* AppDelegate.swift */ = {isa = PBXFileReference; lastKnownFileType = sourcecode.swift; path = AppDelegate.swift; sourceTree = "<group>"; };
		9B0F469622CEB9810020A8B0 /* ViewController.swift */ = {isa = PBXFileReference; lastKnownFileType = sourcecode.swift; path = ViewController.swift; sourceTree = "<group>"; };
		9B0F469922CEB9810020A8B0 /* Base */ = {isa = PBXFileReference; lastKnownFileType = file.storyboard; name = Base; path = Base.lproj/Main.storyboard; sourceTree = "<group>"; };
		9B0F469B22CEB9820020A8B0 /* Assets.xcassets */ = {isa = PBXFileReference; lastKnownFileType = folder.assetcatalog; path = Assets.xcassets; sourceTree = "<group>"; };
		9B0F469E22CEB9820020A8B0 /* Base */ = {isa = PBXFileReference; lastKnownFileType = file.storyboard; name = Base; path = Base.lproj/LaunchScreen.storyboard; sourceTree = "<group>"; };
		9B0F46A022CEB9820020A8B0 /* Info.plist */ = {isa = PBXFileReference; lastKnownFileType = text.plist.xml; path = Info.plist; sourceTree = "<group>"; };
		9B0F46A522CEB9820020A8B0 /* iosDataStorageExampleTests.xctest */ = {isa = PBXFileReference; explicitFileType = wrapper.cfbundle; includeInIndex = 0; path = iosDataStorageExampleTests.xctest; sourceTree = BUILT_PRODUCTS_DIR; };
		9B0F46A922CEB9820020A8B0 /* iosDataStorageExampleTests.swift */ = {isa = PBXFileReference; lastKnownFileType = sourcecode.swift; path = iosDataStorageExampleTests.swift; sourceTree = "<group>"; };
		9B0F46AB22CEB9820020A8B0 /* Info.plist */ = {isa = PBXFileReference; lastKnownFileType = text.plist.xml; path = Info.plist; sourceTree = "<group>"; };
		9B0F46B022CEB9820020A8B0 /* iosDataStorageExampleUITests.xctest */ = {isa = PBXFileReference; explicitFileType = wrapper.cfbundle; includeInIndex = 0; path = iosDataStorageExampleUITests.xctest; sourceTree = BUILT_PRODUCTS_DIR; };
		9B0F46B422CEB9820020A8B0 /* iosDataStorageExampleUITests.swift */ = {isa = PBXFileReference; lastKnownFileType = sourcecode.swift; path = iosDataStorageExampleUITests.swift; sourceTree = "<group>"; };
		9B0F46B622CEB9820020A8B0 /* Info.plist */ = {isa = PBXFileReference; lastKnownFileType = text.plist.xml; path = Info.plist; sourceTree = "<group>"; };
/* End PBXFileReference section */

/* Begin PBXFrameworksBuildPhase section */
		9B0F468E22CEB9810020A8B0 /* Frameworks */ = {
			isa = PBXFrameworksBuildPhase;
			buildActionMask = 2147483647;
			files = (
			);
			runOnlyForDeploymentPostprocessing = 0;
		};
		9B0F46A222CEB9820020A8B0 /* Frameworks */ = {
			isa = PBXFrameworksBuildPhase;
			buildActionMask = 2147483647;
			files = (
			);
			runOnlyForDeploymentPostprocessing = 0;
		};
		9B0F46AD22CEB9820020A8B0 /* Frameworks */ = {
			isa = PBXFrameworksBuildPhase;
			buildActionMask = 2147483647;
			files = (
			);
			runOnlyForDeploymentPostprocessing = 0;
		};
/* End PBXFrameworksBuildPhase section */

/* Begin PBXGroup section */
		9B0F468822CEB9810020A8B0 = {
			isa = PBXGroup;
			children = (
				9B0F469322CEB9810020A8B0 /* iosDataStorageExample */,
				9B0F46A822CEB9820020A8B0 /* iosDataStorageExampleTests */,
				9B0F46B322CEB9820020A8B0 /* iosDataStorageExampleUITests */,
				9B0F469222CEB9810020A8B0 /* Products */,
			);
			sourceTree = "<group>";
		};
		9B0F469222CEB9810020A8B0 /* Products */ = {
			isa = PBXGroup;
			children = (
				9B0F469122CEB9810020A8B0 /* iosDataStorageExample.app */,
				9B0F46A522CEB9820020A8B0 /* iosDataStorageExampleTests.xctest */,
				9B0F46B022CEB9820020A8B0 /* iosDataStorageExampleUITests.xctest */,
			);
			name = Products;
			sourceTree = "<group>";
		};
		9B0F469322CEB9810020A8B0 /* iosDataStorageExample */ = {
			isa = PBXGroup;
			children = (
				9B0F469422CEB9810020A8B0 /* AppDelegate.swift */,
				9B0F469622CEB9810020A8B0 /* ViewController.swift */,
				9B0F469822CEB9810020A8B0 /* Main.storyboard */,
				9B0F469B22CEB9820020A8B0 /* Assets.xcassets */,
				9B0F469D22CEB9820020A8B0 /* LaunchScreen.storyboard */,
				9B0F46A022CEB9820020A8B0 /* Info.plist */,
			);
			path = iosDataStorageExample;
			sourceTree = "<group>";
		};
		9B0F46A822CEB9820020A8B0 /* iosDataStorageExampleTests */ = {
			isa = PBXGroup;
			children = (
				9B0F46A922CEB9820020A8B0 /* iosDataStorageExampleTests.swift */,
				9B0F46AB22CEB9820020A8B0 /* Info.plist */,
			);
			path = iosDataStorageExampleTests;
			sourceTree = "<group>";
		};
		9B0F46B322CEB9820020A8B0 /* iosDataStorageExampleUITests */ = {
			isa = PBXGroup;
			children = (
				9B0F46B422CEB9820020A8B0 /* iosDataStorageExampleUITests.swift */,
				9B0F46B622CEB9820020A8B0 /* Info.plist */,
			);
			path = iosDataStorageExampleUITests;
			sourceTree = "<group>";
		};
/* End PBXGroup section */

/* Begin PBXNativeTarget section */
		9B0F469022CEB9810020A8B0 /* iosDataStorageExample */ = {
			isa = PBXNativeTarget;
			buildConfigurationList = 9B0F46B922CEB9820020A8B0 /* Build configuration list for PBXNativeTarget "iosDataStorageExample" */;
			buildPhases = (
				9B0F468D22CEB9810020A8B0 /* Sources */,
				9B0F468E22CEB9810020A8B0 /* Frameworks */,
				9B0F468F22CEB9810020A8B0 /* Resources */,
			);
			buildRules = (
			);
			dependencies = (
			);
			name = iosDataStorageExample;
			productName = iosDataStorageExample;
			productReference = 9B0F469122CEB9810020A8B0 /* iosDataStorageExample.app */;
			productType = "com.apple.product-type.application";
		};
		9B0F46A422CEB9820020A8B0 /* iosDataStorageExampleTests */ = {
			isa = PBXNativeTarget;
			buildConfigurationList = 9B0F46BC22CEB9820020A8B0 /* Build configuration list for PBXNativeTarget "iosDataStorageExampleTests" */;
			buildPhases = (
				9B0F46A122CEB9820020A8B0 /* Sources */,
				9B0F46A222CEB9820020A8B0 /* Frameworks */,
				9B0F46A322CEB9820020A8B0 /* Resources */,
			);
			buildRules = (
			);
			dependencies = (
				9B0F46A722CEB9820020A8B0 /* PBXTargetDependency */,
			);
			name = iosDataStorageExampleTests;
			productName = iosDataStorageExampleTests;
			productReference = 9B0F46A522CEB9820020A8B0 /* iosDataStorageExampleTests.xctest */;
			productType = "com.apple.product-type.bundle.unit-test";
		};
		9B0F46AF22CEB9820020A8B0 /* iosDataStorageExampleUITests */ = {
			isa = PBXNativeTarget;
			buildConfigurationList = 9B0F46BF22CEB9820020A8B0 /* Build configuration list for PBXNativeTarget "iosDataStorageExampleUITests" */;
			buildPhases = (
				9B0F46AC22CEB9820020A8B0 /* Sources */,
				9B0F46AD22CEB9820020A8B0 /* Frameworks */,
				9B0F46AE22CEB9820020A8B0 /* Resources */,
			);
			buildRules = (
			);
			dependencies = (
				9B0F46B222CEB9820020A8B0 /* PBXTargetDependency */,
			);
			name = iosDataStorageExampleUITests;
			productName = iosDataStorageExampleUITests;
			productReference = 9B0F46B022CEB9820020A8B0 /* iosDataStorageExampleUITests.xctest */;
			productType = "com.apple.product-type.bundle.ui-testing";
		};
/* End PBXNativeTarget section */

/* Begin PBXProject section */
		9B0F468922CEB9810020A8B0 /* Project object */ = {
			isa = PBXProject;
			attributes = {
				LastSwiftUpdateCheck = 1020;
				LastUpgradeCheck = 1020;
				ORGANIZATIONNAME = MacStudent;
				TargetAttributes = {
					9B0F469022CEB9810020A8B0 = {
						CreatedOnToolsVersion = 10.2.1;
					};
					9B0F46A422CEB9820020A8B0 = {
						CreatedOnToolsVersion = 10.2.1;
						TestTargetID = 9B0F469022CEB9810020A8B0;
					};
					9B0F46AF22CEB9820020A8B0 = {
						CreatedOnToolsVersion = 10.2.1;
						TestTargetID = 9B0F469022CEB9810020A8B0;
					};
				};
			};
			buildConfigurationList = 9B0F468C22CEB9810020A8B0 /* Build configuration list for PBXProject "iosDataStorageExample" */;
			compatibilityVersion = "Xcode 9.3";
			developmentRegion = en;
			hasScannedForEncodings = 0;
			knownRegions = (
				en,
				Base,
			);
			mainGroup = 9B0F468822CEB9810020A8B0;
			productRefGroup = 9B0F469222CEB9810020A8B0 /* Products */;
			projectDirPath = "";
			projectRoot = "";
			targets = (
				9B0F469022CEB9810020A8B0 /* iosDataStorageExample */,
				9B0F46A422CEB9820020A8B0 /* iosDataStorageExampleTests */,
				9B0F46AF22CEB9820020A8B0 /* iosDataStorageExampleUITests */,
			);
		};
/* End PBXProject section */

/* Begin PBXResourcesBuildPhase section */
		9B0F468F22CEB9810020A8B0 /* Resources */ = {
			isa = PBXResourcesBuildPhase;
			buildActionMask = 2147483647;
			files = (
				9B0F469F22CEB9820020A8B0 /* LaunchScreen.storyboard in Resources */,
				9B0F469C22CEB9820020A8B0 /* Assets.xcassets in Resources */,
				9B0F469A22CEB9810020A8B0 /* Main.storyboard in Resources */,
			);
			runOnlyForDeploymentPostprocessing = 0;
		};
		9B0F46A322CEB9820020A8B0 /* Resources */ = {
			isa = PBXResourcesBuildPhase;
			buildActionMask = 2147483647;
			files = (
			);
			runOnlyForDeploymentPostprocessing = 0;
		};
		9B0F46AE22CEB9820020A8B0 /* Resources */ = {
			isa = PBXResourcesBuildPhase;
			buildActionMask = 2147483647;
			files = (
			);
			runOnlyForDeploymentPostprocessing = 0;
		};
/* End PBXResourcesBuildPhase section */

/* Begin PBXSourcesBuildPhase section */
		9B0F468D22CEB9810020A8B0 /* Sources */ = {
			isa = PBXSourcesBuildPhase;
			buildActionMask = 2147483647;
			files = (
				9B0F469722CEB9810020A8B0 /* ViewController.swift in Sources */,
				9B0F469522CEB9810020A8B0 /* AppDelegate.swift in Sources */,
			);
			runOnlyForDeploymentPostprocessing = 0;
		};
		9B0F46A122CEB9820020A8B0 /* Sources */ = {
			isa = PBXSourcesBuildPhase;
			buildActionMask = 2147483647;
			files = (
				9B0F46AA22CEB9820020A8B0 /* iosDataStorageExampleTests.swift in Sources */,
			);
			runOnlyForDeploymentPostprocessing = 0;
		};
		9B0F46AC22CEB9820020A8B0 /* Sources */ = {
			isa = PBXSourcesBuildPhase;
			buildActionMask = 2147483647;
			files = (
				9B0F46B522CEB9820020A8B0 /* iosDataStorageExampleUITests.swift in Sources */,
			);
			runOnlyForDeploymentPostprocessing = 0;
		};
/* End PBXSourcesBuildPhase section */

/* Begin PBXTargetDependency section */
		9B0F46A722CEB9820020A8B0 /* PBXTargetDependency */ = {
			isa = PBXTargetDependency;
			target = 9B0F469022CEB9810020A8B0 /* iosDataStorageExample */;
			targetProxy = 9B0F46A622CEB9820020A8B0 /* PBXContainerItemProxy */;
		};
		9B0F46B222CEB9820020A8B0 /* PBXTargetDependency */ = {
			isa = PBXTargetDependency;
			target = 9B0F469022CEB9810020A8B0 /* iosDataStorageExample */;
			targetProxy = 9B0F46B122CEB9820020A8B0 /* PBXContainerItemProxy */;
		};
/* End PBXTargetDependency section */

/* Begin PBXVariantGroup section */
		9B0F469822CEB9810020A8B0 /* Main.storyboard */ = {
			isa = PBXVariantGroup;
			children = (
				9B0F469922CEB9810020A8B0 /* Base */,
			);
			name = Main.storyboard;
			sourceTree = "<group>";
		};
		9B0F469D22CEB9820020A8B0 /* LaunchScreen.storyboard */ = {
			isa = PBXVariantGroup;
			children = (
				9B0F469E22CEB9820020A8B0 /* Base */,
			);
			name = LaunchScreen.storyboard;
			sourceTree = "<group>";
		};
/* End PBXVariantGroup section */

/* Begin XCBuildConfiguration section */
		9B0F46B722CEB9820020A8B0 /* Debug */ = {
			isa = XCBuildConfiguration;
			buildSettings = {
				ALWAYS_SEARCH_USER_PATHS = NO;
				CLANG_ANALYZER_NONNULL = YES;
				CLANG_ANALYZER_NUMBER_OBJECT_CONVERSION = YES_AGGRESSIVE;
				CLANG_CXX_LANGUAGE_STANDARD = "gnu++14";
				CLANG_CXX_LIBRARY = "libc++";
				CLANG_ENABLE_MODULES = YES;
				CLANG_ENABLE_OBJC_ARC = YES;
				CLANG_ENABLE_OBJC_WEAK = YES;
				CLANG_WARN_BLOCK_CAPTURE_AUTORELEASING = YES;
				CLANG_WARN_BOOL_CONVERSION = YES;
				CLANG_WARN_COMMA = YES;
				CLANG_WARN_CONSTANT_CONVERSION = YES;
				CLANG_WARN_DEPRECATED_OBJC_IMPLEMENTATIONS = YES;
				CLANG_WARN_DIRECT_OBJC_ISA_USAGE = YES_ERROR;
				CLANG_WARN_DOCUMENTATION_COMMENTS = YES;
				CLANG_WARN_EMPTY_BODY = YES;
				CLANG_WARN_ENUM_CONVERSION = YES;
				CLANG_WARN_INFINITE_RECURSION = YES;
				CLANG_WARN_INT_CONVERSION = YES;
				CLANG_WARN_NON_LITERAL_NULL_CONVERSION = YES;
				CLANG_WARN_OBJC_IMPLICIT_RETAIN_SELF = YES;
				CLANG_WARN_OBJC_LITERAL_CONVERSION = YES;
				CLANG_WARN_OBJC_ROOT_CLASS = YES_ERROR;
				CLANG_WARN_RANGE_LOOP_ANALYSIS = YES;
				CLANG_WARN_STRICT_PROTOTYPES = YES;
				CLANG_WARN_SUSPICIOUS_MOVE = YES;
				CLANG_WARN_UNGUARDED_AVAILABILITY = YES_AGGRESSIVE;
				CLANG_WARN_UNREACHABLE_CODE = YES;
				CLANG_WARN__DUPLICATE_METHOD_MATCH = YES;
				CODE_SIGN_IDENTITY = "iPhone Developer";
				COPY_PHASE_STRIP = NO;
				DEBUG_INFORMATION_FORMAT = dwarf;
				ENABLE_STRICT_OBJC_MSGSEND = YES;
				ENABLE_TESTABILITY = YES;
				GCC_C_LANGUAGE_STANDARD = gnu11;
				GCC_DYNAMIC_NO_PIC = NO;
				GCC_NO_COMMON_BLOCKS = YES;
				GCC_OPTIMIZATION_LEVEL = 0;
				GCC_PREPROCESSOR_DEFINITIONS = (
					"DEBUG=1",
					"$(inherited)",
				);
				GCC_WARN_64_TO_32_BIT_CONVERSION = YES;
				GCC_WARN_ABOUT_RETURN_TYPE = YES_ERROR;
				GCC_WARN_UNDECLARED_SELECTOR = YES;
				GCC_WARN_UNINITIALIZED_AUTOS = YES_AGGRESSIVE;
				GCC_WARN_UNUSED_FUNCTION = YES;
				GCC_WARN_UNUSED_VARIABLE = YES;
				IPHONEOS_DEPLOYMENT_TARGET = 12.2;
				MTL_ENABLE_DEBUG_INFO = INCLUDE_SOURCE;
				MTL_FAST_MATH = YES;
				ONLY_ACTIVE_ARCH = YES;
				SDKROOT = iphoneos;
				SWIFT_ACTIVE_COMPILATION_CONDITIONS = DEBUG;
				SWIFT_OPTIMIZATION_LEVEL = "-Onone";
			};
			name = Debug;
		};
		9B0F46B822CEB9820020A8B0 /* Release */ = {
			isa = XCBuildConfiguration;
			buildSettings = {
				ALWAYS_SEARCH_USER_PATHS = NO;
				CLANG_ANALYZER_NONNULL = YES;
				CLANG_ANALYZER_NUMBER_OBJECT_CONVERSION = YES_AGGRESSIVE;
				CLANG_CXX_LANGUAGE_STANDARD = "gnu++14";
				CLANG_CXX_LIBRARY = "libc++";
				CLANG_ENABLE_MODULES = YES;
				CLANG_ENABLE_OBJC_ARC = YES;
				CLANG_ENABLE_OBJC_WEAK = YES;
				CLANG_WARN_BLOCK_CAPTURE_AUTORELEASING = YES;
				CLANG_WARN_BOOL_CONVERSION = YES;
				CLANG_WARN_COMMA = YES;
				CLANG_WARN_CONSTANT_CONVERSION = YES;
				CLANG_WARN_DEPRECATED_OBJC_IMPLEMENTATIONS = YES;
				CLANG_WARN_DIRECT_OBJC_ISA_USAGE = YES_ERROR;
				CLANG_WARN_DOCUMENTATION_COMMENTS = YES;
				CLANG_WARN_EMPTY_BODY = YES;
				CLANG_WARN_ENUM_CONVERSION = YES;
				CLANG_WARN_INFINITE_RECURSION = YES;
				CLANG_WARN_INT_CONVERSION = YES;
				CLANG_WARN_NON_LITERAL_NULL_CONVERSION = YES;
				CLANG_WARN_OBJC_IMPLICIT_RETAIN_SELF = YES;
				CLANG_WARN_OBJC_LITERAL_CONVERSION = YES;
				CLANG_WARN_OBJC_ROOT_CLASS = YES_ERROR;
				CLANG_WARN_RANGE_LOOP_ANALYSIS = YES;
				CLANG_WARN_STRICT_PROTOTYPES = YES;
				CLANG_WARN_SUSPICIOUS_MOVE = YES;
				CLANG_WARN_UNGUARDED_AVAILABILITY = YES_AGGRESSIVE;
				CLANG_WARN_UNREACHABLE_CODE = YES;
				CLANG_WARN__DUPLICATE_METHOD_MATCH = YES;
				CODE_SIGN_IDENTITY = "iPhone Developer";
				COPY_PHASE_STRIP = NO;
				DEBUG_INFORMATION_FORMAT = "dwarf-with-dsym";
				ENABLE_NS_ASSERTIONS = NO;
				ENABLE_STRICT_OBJC_MSGSEND = YES;
				GCC_C_LANGUAGE_STANDARD = gnu11;
				GCC_NO_COMMON_BLOCKS = YES;
				GCC_WARN_64_TO_32_BIT_CONVERSION = YES;
				GCC_WARN_ABOUT_RETURN_TYPE = YES_ERROR;
				GCC_WARN_UNDECLARED_SELECTOR = YES;
				GCC_WARN_UNINITIALIZED_AUTOS = YES_AGGRESSIVE;
				GCC_WARN_UNUSED_FUNCTION = YES;
				GCC_WARN_UNUSED_VARIABLE = YES;
				IPHONEOS_DEPLOYMENT_TARGET = 12.2;
				MTL_ENABLE_DEBUG_INFO = NO;
				MTL_FAST_MATH = YES;
				SDKROOT = iphoneos;
				SWIFT_COMPILATION_MODE = wholemodule;
				SWIFT_OPTIMIZATION_LEVEL = "-O";
				VALIDATE_PRODUCT = YES;
			};
			name = Release;
		};
		9B0F46BA22CEB9820020A8B0 /* Debug */ = {
			isa = XCBuildConfiguration;
			buildSettings = {
				ASSETCATALOG_COMPILER_APPICON_NAME = AppIcon;
				CODE_SIGN_STYLE = Automatic;
				INFOPLIST_FILE = iosDataStorageExample/Info.plist;
				LD_RUNPATH_SEARCH_PATHS = (
					"$(inherited)",
					"@executable_path/Frameworks",
				);
				PRODUCT_BUNDLE_IDENTIFIER = CestarCollege.iosDataStorageExample;
				PRODUCT_NAME = "$(TARGET_NAME)";
				SWIFT_VERSION = 5.0;
				TARGETED_DEVICE_FAMILY = "1,2";
			};
			name = Debug;
		};
		9B0F46BB22CEB9820020A8B0 /* Release */ = {
			isa = XCBuildConfiguration;
			buildSettings = {
				ASSETCATALOG_COMPILER_APPICON_NAME = AppIcon;
				CODE_SIGN_STYLE = Automatic;
				INFOPLIST_FILE = iosDataStorageExample/Info.plist;
				LD_RUNPATH_SEARCH_PATHS = (
					"$(inherited)",
					"@executable_path/Frameworks",
				);
				PRODUCT_BUNDLE_IDENTIFIER = CestarCollege.iosDataStorageExample;
				PRODUCT_NAME = "$(TARGET_NAME)";
				SWIFT_VERSION = 5.0;
				TARGETED_DEVICE_FAMILY = "1,2";
			};
			name = Release;
		};
		9B0F46BD22CEB9820020A8B0 /* Debug */ = {
			isa = XCBuildConfiguration;
			buildSettings = {
				ALWAYS_EMBED_SWIFT_STANDARD_LIBRARIES = YES;
				BUNDLE_LOADER = "$(TEST_HOST)";
				CODE_SIGN_STYLE = Automatic;
				INFOPLIST_FILE = iosDataStorageExampleTests/Info.plist;
				LD_RUNPATH_SEARCH_PATHS = (
					"$(inherited)",
					"@executable_path/Frameworks",
					"@loader_path/Frameworks",
				);
				PRODUCT_BUNDLE_IDENTIFIER = CestarCollege.iosDataStorageExampleTests;
				PRODUCT_NAME = "$(TARGET_NAME)";
				SWIFT_VERSION = 5.0;
				TARGETED_DEVICE_FAMILY = "1,2";
				TEST_HOST = "$(BUILT_PRODUCTS_DIR)/iosDataStorageExample.app/iosDataStorageExample";
			};
			name = Debug;
		};
		9B0F46BE22CEB9820020A8B0 /* Release */ = {
			isa = XCBuildConfiguration;
			buildSettings = {
				ALWAYS_EMBED_SWIFT_STANDARD_LIBRARIES = YES;
				BUNDLE_LOADER = "$(TEST_HOST)";
				CODE_SIGN_STYLE = Automatic;
				INFOPLIST_FILE = iosDataStorageExampleTests/Info.plist;
				LD_RUNPATH_SEARCH_PATHS = (
					"$(inherited)",
					"@executable_path/Frameworks",
					"@loader_path/Frameworks",
				);
				PRODUCT_BUNDLE_IDENTIFIER = CestarCollege.iosDataStorageExampleTests;
				PRODUCT_NAME = "$(TARGET_NAME)";
				SWIFT_VERSION = 5.0;
				TARGETED_DEVICE_FAMILY = "1,2";
				TEST_HOST = "$(BUILT_PRODUCTS_DIR)/iosDataStorageExample.app/iosDataStorageExample";
			};
			name = Release;
		};
		9B0F46C022CEB9820020A8B0 /* Debug */ = {
			isa = XCBuildConfiguration;
			buildSettings = {
				ALWAYS_EMBED_SWIFT_STANDARD_LIBRARIES = YES;
				CODE_SIGN_STYLE = Automatic;
				INFOPLIST_FILE = iosDataStorageExampleUITests/Info.plist;
				LD_RUNPATH_SEARCH_PATHS = (
					"$(inherited)",
					"@executable_path/Frameworks",
					"@loader_path/Frameworks",
				);
				PRODUCT_BUNDLE_IDENTIFIER = CestarCollege.iosDataStorageExampleUITests;
				PRODUCT_NAME = "$(TARGET_NAME)";
				SWIFT_VERSION = 5.0;
				TARGETED_DEVICE_FAMILY = "1,2";
				TEST_TARGET_NAME = iosDataStorageExample;
			};
			name = Debug;
		};
		9B0F46C122CEB9820020A8B0 /* Release */ = {
			isa = XCBuildConfiguration;
			buildSettings = {
				ALWAYS_EMBED_SWIFT_STANDARD_LIBRARIES = YES;
				CODE_SIGN_STYLE = Automatic;
				INFOPLIST_FILE = iosDataStorageExampleUITests/Info.plist;
				LD_RUNPATH_SEARCH_PATHS = (
					"$(inherited)",
					"@executable_path/Frameworks",
					"@loader_path/Frameworks",
				);
				PRODUCT_BUNDLE_IDENTIFIER = CestarCollege.iosDataStorageExampleUITests;
				PRODUCT_NAME = "$(TARGET_NAME)";
				SWIFT_VERSION = 5.0;
				TARGETED_DEVICE_FAMILY = "1,2";
				TEST_TARGET_NAME = iosDataStorageExample;
			};
			name = Release;
		};
/* End XCBuildConfiguration section */

/* Begin XCConfigurationList section */
		9B0F468C22CEB9810020A8B0 /* Build configuration list for PBXProject "iosDataStorageExample" */ = {
			isa = XCConfigurationList;
			buildConfigurations = (
				9B0F46B722CEB9820020A8B0 /* Debug */,
				9B0F46B822CEB9820020A8B0 /* Release */,
			);
			defaultConfigurationIsVisible = 0;
			defaultConfigurationName = Release;
		};
		9B0F46B922CEB9820020A8B0 /* Build configuration list for PBXNativeTarget "iosDataStorageExample" */ = {
			isa = XCConfigurationList;
			buildConfigurations = (
				9B0F46BA22CEB9820020A8B0 /* Debug */,
				9B0F46BB22CEB9820020A8B0 /* Release */,
			);
			defaultConfigurationIsVisible = 0;
			defaultConfigurationName = Release;
		};
		9B0F46BC22CEB9820020A8B0 /* Build configuration list for PBXNativeTarget "iosDataStorageExampleTests" */ = {
			isa = XCConfigurationList;
			buildConfigurations = (
				9B0F46BD22CEB9820020A8B0 /* Debug */,
				9B0F46BE22CEB9820020A8B0 /* Release */,
			);
			defaultConfigurationIsVisible = 0;
			defaultConfigurationName = Release;
		};
		9B0F46BF22CEB9820020A8B0 /* Build configuration list for PBXNativeTarget "iosDataStorageExampleUITests" */ = {
			isa = XCConfigurationList;
			buildConfigurations = (
				9B0F46C022CEB9820020A8B0 /* Debug */,
				9B0F46C122CEB9820020A8B0 /* Release */,
			);
			defaultConfigurationIsVisible = 0;
			defaultConfigurationName = Release;
		};
/* End XCConfigurationList section */
	};
	rootObject = 9B0F468922CEB9810020A8B0 /* Project object */;
}
